
Microsoft Visual Studio Solution File, Format Version 12.00
# Visual Studio Version 17
VisualStudioVersion = 17.5.002.0
MinimumVisualStudioVersion = 10.0.40219.1
Project("{9A19103F-16F7-4668-BE54-9A1E7A4F7556}") = "NOBanList", "NOBanList.csproj", "{41BE3249-B221-43EE-B6A7-43AC12E745E1}"
EndProject
Global
	GlobalSection(SolutionConfigurationPlatforms) = preSolution
		Debug|Any CPU = Debug|Any CPU
		Release|Any CPU = Release|Any CPU
	EndGlobalSection
	GlobalSection(ProjectConfigurationPlatforms) = postSolution
		{41BE3249-B221-43EE-B6A7-43AC12E745E1}.Debug|Any CPU.ActiveCfg = Debug|Any CPU
		{41BE3249-B221-43EE-B6A7-43AC12E745E1}.Debug|Any CPU.Build.0 = Debug|Any CPU
		{41BE3249-B221-43EE-B6A7-43AC12E745E1}.Release|Any CPU.ActiveCfg = Release|Any CPU
		{41BE3249-B221-43EE-B6A7-43AC12E745E1}.Release|Any CPU.Build.0 = Release|Any CPU
	EndGlobalSection
	GlobalSection(SolutionProperties) = preSolution
		HideSolutionNode = FALSE
	EndGlobalSection
	GlobalSection(ExtensibilityGlobals) = postSolution
		SolutionGuid = {E01C28FB-1E0C-4345-A287-C5F91F5CC983}
	EndGlobalSection
EndGlobal
